
Microsoft Visual Studio Solution File, Format Version 12.00
# Visual Studio 14
VisualStudioVersion = 14.0.22823.1
MinimumVisualStudioVersion = 10.0.40219.1
Project("{FAE04EC0-301F-11D3-BF4B-00C04F79EFBC}") = "SimpleDMS.Data", "SimpleDMS.Data\SimpleDMS.Data.csproj", "{D7632165-156E-4635-82F2-353D8204E7B9}"
EndProject
Project("{FAE04EC0-301F-11D3-BF4B-00C04F79EFBC}") = "SimpleDMS.UnitTests", "SimpleDMS.UnitTests\SimpleDMS.UnitTests.csproj", "{24AB3A31-0900-4C6D-8BAE-25853FCE4314}"
EndProject
Project("{FAE04EC0-301F-11D3-BF4B-00C04F79EFBC}") = "SimpleDMS.Security", "SimpleDMS.Security\SimpleDMS.Security.csproj", "{589E704C-A225-4022-8B40-C437567B1DA7}"
EndProject
Project("{FAE04EC0-301F-11D3-BF4B-00C04F79EFBC}") = "SimpleDMS.Storage", "SimpleDMS.Storage\SimpleDMS.Storage.csproj", "{D3733C58-7CDA-471C-8DE6-C8BCEB55C19F}"
EndProject
Project("{FAE04EC0-301F-11D3-BF4B-00C04F79EFBC}") = "SimpleDMS.Storage.Provider.LocalStorageProvider", "SimpleDMS.Storage.Provider.LocalStorageProvider\SimpleDMS.Storage.Provider.LocalStorageProvider.csproj", "{91E58BD5-37FA-4080-8084-177BC022E8B8}"
EndProject
Project("{FAE04EC0-301F-11D3-BF4B-00C04F79EFBC}") = "SimpleDMS.Client.Windows.Forms", "SimpleDMS.Client.Windows.Forms\SimpleDMS.Client.Windows.Forms.csproj", "{41F3A190-759C-4350-AFDF-2CC9D931FD3F}"
EndProject
Project("{FAE04EC0-301F-11D3-BF4B-00C04F79EFBC}") = "SimpleDMS.Client.API", "SimpleDMS.Client.API\SimpleDMS.Client.API.csproj", "{89B15982-C81B-4F83-B083-6A0CE4A9DBCE}"
EndProject
Project("{FAE04EC0-301F-11D3-BF4B-00C04F79EFBC}") = "SimpleDMS", "SimpleDMS\SimpleDMS.csproj", "{6206AB34-018C-4B18-B8A6-A12B91E325C0}"
EndProject
Project("{FAE04EC0-301F-11D3-BF4B-00C04F79EFBC}") = "SimpleDMS.Content", "SimpleDMS.Content\SimpleDMS.Content.csproj", "{B2754BD0-0230-4FF4-83FF-84E984CDC519}"
EndProject
Project("{FAE04EC0-301F-11D3-BF4B-00C04F79EFBC}") = "SimpleDMS.Content.Provider.PDF", "SimpleDMS.Content.Provider.PDF\SimpleDMS.Content.Provider.PDF.csproj", "{EABD3780-7AEB-4713-9ACC-2545F2096A2F}"
EndProject
Project("{FAE04EC0-301F-11D3-BF4B-00C04F79EFBC}") = "SimpleDMS.Content.Provider.Web", "SimpleDMS.Content.Provider.Web\SimpleDMS.Content.Provider.Web.csproj", "{500CE037-9213-4DF5-B44D-B823F28AF495}"
EndProject
Project("{2150E333-8FDC-42A3-9474-1A3956D46DE8}") = "TrdParty", "TrdParty", "{7D5AE388-9501-4F4B-90AF-9324C9407CD3}"
EndProject
Project("{2150E333-8FDC-42A3-9474-1A3956D46DE8}") = "KodakAlaris", "KodakAlaris", "{52A873DB-B6B3-4AC3-B76F-05B362A4DF24}"
EndProject
Project("{FAE04EC0-301F-11D3-BF4B-00C04F79EFBC}") = "twaincs", "..\TrdParty\KodakAlaris\twaincs.csproj", "{E00DEC90-0A85-47D5-B0E4-39940AF8C141}"
EndProject
Project("{FAE04EC0-301F-11D3-BF4B-00C04F79EFBC}") = "twaincstool", "..\TrdParty\KodakAlaris\twaincstool\source\twaincstool.csproj", "{60BB8897-E9BB-4CB8-8CDB-FB4093AB8B11}"
EndProject
Global
	GlobalSection(SolutionConfigurationPlatforms) = preSolution
		Debug|Any CPU = Debug|Any CPU
		Debug|x64 = Debug|x64
		Debug|x86 = Debug|x86
		Release|Any CPU = Release|Any CPU
		Release|x64 = Release|x64
		Release|x86 = Release|x86
	EndGlobalSection
	GlobalSection(ProjectConfigurationPlatforms) = postSolution
		{D7632165-156E-4635-82F2-353D8204E7B9}.Debug|Any CPU.ActiveCfg = Debug|Any CPU
		{D7632165-156E-4635-82F2-353D8204E7B9}.Debug|Any CPU.Build.0 = Debug|Any CPU
		{D7632165-156E-4635-82F2-353D8204E7B9}.Debug|x64.ActiveCfg = Debug|Any CPU
		{D7632165-156E-4635-82F2-353D8204E7B9}.Debug|x64.Build.0 = Debug|Any CPU
		{D7632165-156E-4635-82F2-353D8204E7B9}.Debug|x86.ActiveCfg = Debug|Any CPU
		{D7632165-156E-4635-82F2-353D8204E7B9}.Debug|x86.Build.0 = Debug|Any CPU
		{D7632165-156E-4635-82F2-353D8204E7B9}.Release|Any CPU.ActiveCfg = Release|Any CPU
		{D7632165-156E-4635-82F2-353D8204E7B9}.Release|Any CPU.Build.0 = Release|Any CPU
		{D7632165-156E-4635-82F2-353D8204E7B9}.Release|x64.ActiveCfg = Release|Any CPU
		{D7632165-156E-4635-82F2-353D8204E7B9}.Release|x64.Build.0 = Release|Any CPU
		{D7632165-156E-4635-82F2-353D8204E7B9}.Release|x86.ActiveCfg = Release|Any CPU
		{D7632165-156E-4635-82F2-353D8204E7B9}.Release|x86.Build.0 = Release|Any CPU
		{24AB3A31-0900-4C6D-8BAE-25853FCE4314}.Debug|Any CPU.ActiveCfg = Debug|Any CPU
		{24AB3A31-0900-4C6D-8BAE-25853FCE4314}.Debug|Any CPU.Build.0 = Debug|Any CPU
		{24AB3A31-0900-4C6D-8BAE-25853FCE4314}.Debug|x64.ActiveCfg = Debug|Any CPU
		{24AB3A31-0900-4C6D-8BAE-25853FCE4314}.Debug|x64.Build.0 = Debug|Any CPU
		{24AB3A31-0900-4C6D-8BAE-25853FCE4314}.Debug|x86.ActiveCfg = Debug|Any CPU
		{24AB3A31-0900-4C6D-8BAE-25853FCE4314}.Debug|x86.Build.0 = Debug|Any CPU
		{24AB3A31-0900-4C6D-8BAE-25853FCE4314}.Release|Any CPU.ActiveCfg = Release|Any CPU
		{24AB3A31-0900-4C6D-8BAE-25853FCE4314}.Release|Any CPU.Build.0 = Release|Any CPU
		{24AB3A31-0900-4C6D-8BAE-25853FCE4314}.Release|x64.ActiveCfg = Release|Any CPU
		{24AB3A31-0900-4C6D-8BAE-25853FCE4314}.Release|x64.Build.0 = Release|Any CPU
		{24AB3A31-0900-4C6D-8BAE-25853FCE4314}.Release|x86.ActiveCfg = Release|Any CPU
		{24AB3A31-0900-4C6D-8BAE-25853FCE4314}.Release|x86.Build.0 = Release|Any CPU
		{589E704C-A225-4022-8B40-C437567B1DA7}.Debug|Any CPU.ActiveCfg = Debug|Any CPU
		{589E704C-A225-4022-8B40-C437567B1DA7}.Debug|Any CPU.Build.0 = Debug|Any CPU
		{589E704C-A225-4022-8B40-C437567B1DA7}.Debug|x64.ActiveCfg = Debug|Any CPU
		{589E704C-A225-4022-8B40-C437567B1DA7}.Debug|x64.Build.0 = Debug|Any CPU
		{589E704C-A225-4022-8B40-C437567B1DA7}.Debug|x86.ActiveCfg = Debug|Any CPU
		{589E704C-A225-4022-8B40-C437567B1DA7}.Debug|x86.Build.0 = Debug|Any CPU
		{589E704C-A225-4022-8B40-C437567B1DA7}.Release|Any CPU.ActiveCfg = Release|Any CPU
		{589E704C-A225-4022-8B40-C437567B1DA7}.Release|Any CPU.Build.0 = Release|Any CPU
		{589E704C-A225-4022-8B40-C437567B1DA7}.Release|x64.ActiveCfg = Release|Any CPU
		{589E704C-A225-4022-8B40-C437567B1DA7}.Release|x64.Build.0 = Release|Any CPU
		{589E704C-A225-4022-8B40-C437567B1DA7}.Release|x86.ActiveCfg = Release|Any CPU
		{589E704C-A225-4022-8B40-C437567B1DA7}.Release|x86.Build.0 = Release|Any CPU
		{D3733C58-7CDA-471C-8DE6-C8BCEB55C19F}.Debug|Any CPU.ActiveCfg = Debug|Any CPU
		{D3733C58-7CDA-471C-8DE6-C8BCEB55C19F}.Debug|Any CPU.Build.0 = Debug|Any CPU
		{D3733C58-7CDA-471C-8DE6-C8BCEB55C19F}.Debug|x64.ActiveCfg = Debug|Any CPU
		{D3733C58-7CDA-471C-8DE6-C8BCEB55C19F}.Debug|x64.Build.0 = Debug|Any CPU
		{D3733C58-7CDA-471C-8DE6-C8BCEB55C19F}.Debug|x86.ActiveCfg = Debug|Any CPU
		{D3733C58-7CDA-471C-8DE6-C8BCEB55C19F}.Debug|x86.Build.0 = Debug|Any CPU
		{D3733C58-7CDA-471C-8DE6-C8BCEB55C19F}.Release|Any CPU.ActiveCfg = Release|Any CPU
		{D3733C58-7CDA-471C-8DE6-C8BCEB55C19F}.Release|Any CPU.Build.0 = Release|Any CPU
		{D3733C58-7CDA-471C-8DE6-C8BCEB55C19F}.Release|x64.ActiveCfg = Release|Any CPU
		{D3733C58-7CDA-471C-8DE6-C8BCEB55C19F}.Release|x64.Build.0 = Release|Any CPU
		{D3733C58-7CDA-471C-8DE6-C8BCEB55C19F}.Release|x86.ActiveCfg = Release|Any CPU
		{D3733C58-7CDA-471C-8DE6-C8BCEB55C19F}.Release|x86.Build.0 = Release|Any CPU
		{91E58BD5-37FA-4080-8084-177BC022E8B8}.Debug|Any CPU.ActiveCfg = Debug|Any CPU
		{91E58BD5-37FA-4080-8084-177BC022E8B8}.Debug|Any CPU.Build.0 = Debug|Any CPU
		{91E58BD5-37FA-4080-8084-177BC022E8B8}.Debug|x64.ActiveCfg = Debug|Any CPU
		{91E58BD5-37FA-4080-8084-177BC022E8B8}.Debug|x64.Build.0 = Debug|Any CPU
		{91E58BD5-37FA-4080-8084-177BC022E8B8}.Debug|x86.ActiveCfg = Debug|Any CPU
		{91E58BD5-37FA-4080-8084-177BC022E8B8}.Debug|x86.Build.0 = Debug|Any CPU
		{91E58BD5-37FA-4080-8084-177BC022E8B8}.Release|Any CPU.ActiveCfg = Release|Any CPU
		{91E58BD5-37FA-4080-8084-177BC022E8B8}.Release|Any CPU.Build.0 = Release|Any CPU
		{91E58BD5-37FA-4080-8084-177BC022E8B8}.Release|x64.ActiveCfg = Release|Any CPU
		{91E58BD5-37FA-4080-8084-177BC022E8B8}.Release|x64.Build.0 = Release|Any CPU
		{91E58BD5-37FA-4080-8084-177BC022E8B8}.Release|x86.ActiveCfg = Release|Any CPU
		{91E58BD5-37FA-4080-8084-177BC022E8B8}.Release|x86.Build.0 = Release|Any CPU
		{41F3A190-759C-4350-AFDF-2CC9D931FD3F}.Debug|Any CPU.ActiveCfg = Debug|Any CPU
		{41F3A190-759C-4350-AFDF-2CC9D931FD3F}.Debug|Any CPU.Build.0 = Debug|Any CPU
		{41F3A190-759C-4350-AFDF-2CC9D931FD3F}.Debug|x64.ActiveCfg = Debug|Any CPU
		{41F3A190-759C-4350-AFDF-2CC9D931FD3F}.Debug|x64.Build.0 = Debug|Any CPU
		{41F3A190-759C-4350-AFDF-2CC9D931FD3F}.Debug|x86.ActiveCfg = Debug|Any CPU
		{41F3A190-759C-4350-AFDF-2CC9D931FD3F}.Debug|x86.Build.0 = Debug|Any CPU
		{41F3A190-759C-4350-AFDF-2CC9D931FD3F}.Release|Any CPU.ActiveCfg = Release|Any CPU
		{41F3A190-759C-4350-AFDF-2CC9D931FD3F}.Release|Any CPU.Build.0 = Release|Any CPU
		{41F3A190-759C-4350-AFDF-2CC9D931FD3F}.Release|x64.ActiveCfg = Release|Any CPU
		{41F3A190-759C-4350-AFDF-2CC9D931FD3F}.Release|x64.Build.0 = Release|Any CPU
		{41F3A190-759C-4350-AFDF-2CC9D931FD3F}.Release|x86.ActiveCfg = Release|Any CPU
		{41F3A190-759C-4350-AFDF-2CC9D931FD3F}.Release|x86.Build.0 = Release|Any CPU
		{89B15982-C81B-4F83-B083-6A0CE4A9DBCE}.Debug|Any CPU.ActiveCfg = Debug|Any CPU
		{89B15982-C81B-4F83-B083-6A0CE4A9DBCE}.Debug|Any CPU.Build.0 = Debug|Any CPU
		{89B15982-C81B-4F83-B083-6A0CE4A9DBCE}.Debug|x64.ActiveCfg = Debug|Any CPU
		{89B15982-C81B-4F83-B083-6A0CE4A9DBCE}.Debug|x64.Build.0 = Debug|Any CPU
		{89B15982-C81B-4F83-B083-6A0CE4A9DBCE}.Debug|x86.ActiveCfg = Debug|Any CPU
		{89B15982-C81B-4F83-B083-6A0CE4A9DBCE}.Debug|x86.Build.0 = Debug|Any CPU
		{89B15982-C81B-4F83-B083-6A0CE4A9DBCE}.Release|Any CPU.ActiveCfg = Release|Any CPU
		{89B15982-C81B-4F83-B083-6A0CE4A9DBCE}.Release|Any CPU.Build.0 = Release|Any CPU
		{89B15982-C81B-4F83-B083-6A0CE4A9DBCE}.Release|x64.ActiveCfg = Release|Any CPU
		{89B15982-C81B-4F83-B083-6A0CE4A9DBCE}.Release|x64.Build.0 = Release|Any CPU
		{89B15982-C81B-4F83-B083-6A0CE4A9DBCE}.Release|x86.ActiveCfg = Release|Any CPU
		{89B15982-C81B-4F83-B083-6A0CE4A9DBCE}.Release|x86.Build.0 = Release|Any CPU
		{6206AB34-018C-4B18-B8A6-A12B91E325C0}.Debug|Any CPU.ActiveCfg = Debug|Any CPU
		{6206AB34-018C-4B18-B8A6-A12B91E325C0}.Debug|Any CPU.Build.0 = Debug|Any CPU
		{6206AB34-018C-4B18-B8A6-A12B91E325C0}.Debug|x64.ActiveCfg = Debug|Any CPU
		{6206AB34-018C-4B18-B8A6-A12B91E325C0}.Debug|x64.Build.0 = Debug|Any CPU
		{6206AB34-018C-4B18-B8A6-A12B91E325C0}.Debug|x86.ActiveCfg = Debug|Any CPU
		{6206AB34-018C-4B18-B8A6-A12B91E325C0}.Debug|x86.Build.0 = Debug|Any CPU
		{6206AB34-018C-4B18-B8A6-A12B91E325C0}.Release|Any CPU.ActiveCfg = Release|Any CPU
		{6206AB34-018C-4B18-B8A6-A12B91E325C0}.Release|Any CPU.Build.0 = Release|Any CPU
		{6206AB34-018C-4B18-B8A6-A12B91E325C0}.Release|x64.ActiveCfg = Release|Any CPU
		{6206AB34-018C-4B18-B8A6-A12B91E325C0}.Release|x64.Build.0 = Release|Any CPU
		{6206AB34-018C-4B18-B8A6-A12B91E325C0}.Release|x86.ActiveCfg = Release|Any CPU
		{6206AB34-018C-4B18-B8A6-A12B91E325C0}.Release|x86.Build.0 = Release|Any CPU
		{B2754BD0-0230-4FF4-83FF-84E984CDC519}.Debug|Any CPU.ActiveCfg = Debug|Any CPU
		{B2754BD0-0230-4FF4-83FF-84E984CDC519}.Debug|Any CPU.Build.0 = Debug|Any CPU
		{B2754BD0-0230-4FF4-83FF-84E984CDC519}.Debug|x64.ActiveCfg = Debug|Any CPU
		{B2754BD0-0230-4FF4-83FF-84E984CDC519}.Debug|x64.Build.0 = Debug|Any CPU
		{B2754BD0-0230-4FF4-83FF-84E984CDC519}.Debug|x86.ActiveCfg = Debug|Any CPU
		{B2754BD0-0230-4FF4-83FF-84E984CDC519}.Debug|x86.Build.0 = Debug|Any CPU
		{B2754BD0-0230-4FF4-83FF-84E984CDC519}.Release|Any CPU.ActiveCfg = Release|Any CPU
		{B2754BD0-0230-4FF4-83FF-84E984CDC519}.Release|Any CPU.Build.0 = Release|Any CPU
		{B2754BD0-0230-4FF4-83FF-84E984CDC519}.Release|x64.ActiveCfg = Release|Any CPU
		{B2754BD0-0230-4FF4-83FF-84E984CDC519}.Release|x64.Build.0 = Release|Any CPU
		{B2754BD0-0230-4FF4-83FF-84E984CDC519}.Release|x86.ActiveCfg = Release|Any CPU
		{B2754BD0-0230-4FF4-83FF-84E984CDC519}.Release|x86.Build.0 = Release|Any CPU
		{EABD3780-7AEB-4713-9ACC-2545F2096A2F}.Debug|Any CPU.ActiveCfg = Debug|Any CPU
		{EABD3780-7AEB-4713-9ACC-2545F2096A2F}.Debug|Any CPU.Build.0 = Debug|Any CPU
		{EABD3780-7AEB-4713-9ACC-2545F2096A2F}.Debug|x64.ActiveCfg = Debug|Any CPU
		{EABD3780-7AEB-4713-9ACC-2545F2096A2F}.Debug|x64.Build.0 = Debug|Any CPU
		{EABD3780-7AEB-4713-9ACC-2545F2096A2F}.Debug|x86.ActiveCfg = Debug|Any CPU
		{EABD3780-7AEB-4713-9ACC-2545F2096A2F}.Debug|x86.Build.0 = Debug|Any CPU
		{EABD3780-7AEB-4713-9ACC-2545F2096A2F}.Release|Any CPU.ActiveCfg = Release|Any CPU
		{EABD3780-7AEB-4713-9ACC-2545F2096A2F}.Release|Any CPU.Build.0 = Release|Any CPU
		{EABD3780-7AEB-4713-9ACC-2545F2096A2F}.Release|x64.ActiveCfg = Release|Any CPU
		{EABD3780-7AEB-4713-9ACC-2545F2096A2F}.Release|x64.Build.0 = Release|Any CPU
		{EABD3780-7AEB-4713-9ACC-2545F2096A2F}.Release|x86.ActiveCfg = Release|Any CPU
		{EABD3780-7AEB-4713-9ACC-2545F2096A2F}.Release|x86.Build.0 = Release|Any CPU
		{500CE037-9213-4DF5-B44D-B823F28AF495}.Debug|Any CPU.ActiveCfg = Debug|Any CPU
		{500CE037-9213-4DF5-B44D-B823F28AF495}.Debug|Any CPU.Build.0 = Debug|Any CPU
		{500CE037-9213-4DF5-B44D-B823F28AF495}.Debug|x64.ActiveCfg = Debug|Any CPU
		{500CE037-9213-4DF5-B44D-B823F28AF495}.Debug|x64.Build.0 = Debug|Any CPU
		{500CE037-9213-4DF5-B44D-B823F28AF495}.Debug|x86.ActiveCfg = Debug|Any CPU
		{500CE037-9213-4DF5-B44D-B823F28AF495}.Debug|x86.Build.0 = Debug|Any CPU
		{500CE037-9213-4DF5-B44D-B823F28AF495}.Release|Any CPU.ActiveCfg = Release|Any CPU
		{500CE037-9213-4DF5-B44D-B823F28AF495}.Release|Any CPU.Build.0 = Release|Any CPU
		{500CE037-9213-4DF5-B44D-B823F28AF495}.Release|x64.ActiveCfg = Release|Any CPU
		{500CE037-9213-4DF5-B44D-B823F28AF495}.Release|x64.Build.0 = Release|Any CPU
		{500CE037-9213-4DF5-B44D-B823F28AF495}.Release|x86.ActiveCfg = Release|Any CPU
		{500CE037-9213-4DF5-B44D-B823F28AF495}.Release|x86.Build.0 = Release|Any CPU
		{E00DEC90-0A85-47D5-B0E4-39940AF8C141}.Debug|Any CPU.ActiveCfg = Debug|Any CPU
		{E00DEC90-0A85-47D5-B0E4-39940AF8C141}.Debug|Any CPU.Build.0 = Debug|Any CPU
		{E00DEC90-0A85-47D5-B0E4-39940AF8C141}.Debug|x64.ActiveCfg = Debug|x64
		{E00DEC90-0A85-47D5-B0E4-39940AF8C141}.Debug|x64.Build.0 = Debug|x64
		{E00DEC90-0A85-47D5-B0E4-39940AF8C141}.Debug|x86.ActiveCfg = Debug|x86
		{E00DEC90-0A85-47D5-B0E4-39940AF8C141}.Debug|x86.Build.0 = Debug|x86
		{E00DEC90-0A85-47D5-B0E4-39940AF8C141}.Release|Any CPU.ActiveCfg = Release|Any CPU
		{E00DEC90-0A85-47D5-B0E4-39940AF8C141}.Release|Any CPU.Build.0 = Release|Any CPU
		{E00DEC90-0A85-47D5-B0E4-39940AF8C141}.Release|x64.ActiveCfg = Release|x64
		{E00DEC90-0A85-47D5-B0E4-39940AF8C141}.Release|x64.Build.0 = Release|x64
		{E00DEC90-0A85-47D5-B0E4-39940AF8C141}.Release|x86.ActiveCfg = Release|x86
		{E00DEC90-0A85-47D5-B0E4-39940AF8C141}.Release|x86.Build.0 = Release|x86
		{60BB8897-E9BB-4CB8-8CDB-FB4093AB8B11}.Debug|Any CPU.ActiveCfg = Debug|Any CPU
		{60BB8897-E9BB-4CB8-8CDB-FB4093AB8B11}.Debug|Any CPU.Build.0 = Debug|Any CPU
		{60BB8897-E9BB-4CB8-8CDB-FB4093AB8B11}.Debug|x64.ActiveCfg = Debug|x64
		{60BB8897-E9BB-4CB8-8CDB-FB4093AB8B11}.Debug|x64.Build.0 = Debug|x64
		{60BB8897-E9BB-4CB8-8CDB-FB4093AB8B11}.Debug|x86.ActiveCfg = Debug|x86
		{60BB8897-E9BB-4CB8-8CDB-FB4093AB8B11}.Debug|x86.Build.0 = Debug|x86
		{60BB8897-E9BB-4CB8-8CDB-FB4093AB8B11}.Release|Any CPU.ActiveCfg = Release|Any CPU
		{60BB8897-E9BB-4CB8-8CDB-FB4093AB8B11}.Release|Any CPU.Build.0 = Release|Any CPU
		{60BB8897-E9BB-4CB8-8CDB-FB4093AB8B11}.Release|x64.ActiveCfg = Release|x64
		{60BB8897-E9BB-4CB8-8CDB-FB4093AB8B11}.Release|x64.Build.0 = Release|x64
		{60BB8897-E9BB-4CB8-8CDB-FB4093AB8B11}.Release|x86.ActiveCfg = Release|x86
		{60BB8897-E9BB-4CB8-8CDB-FB4093AB8B11}.Release|x86.Build.0 = Release|x86
	EndGlobalSection
	GlobalSection(SolutionProperties) = preSolution
		HideSolutionNode = FALSE
	EndGlobalSection
	GlobalSection(NestedProjects) = preSolution
		{52A873DB-B6B3-4AC3-B76F-05B362A4DF24} = {7D5AE388-9501-4F4B-90AF-9324C9407CD3}
		{E00DEC90-0A85-47D5-B0E4-39940AF8C141} = {52A873DB-B6B3-4AC3-B76F-05B362A4DF24}
		{60BB8897-E9BB-4CB8-8CDB-FB4093AB8B11} = {52A873DB-B6B3-4AC3-B76F-05B362A4DF24}
	EndGlobalSection
EndGlobal
